
Microsoft Visual Studio Solution File, Format Version 12.00
# Visual Studio Version 17
VisualStudioVersion = 17.11.35327.3
MinimumVisualStudioVersion = 10.0.40219.1
Project("{9A19103F-16F7-4668-BE54-9A1E7A4F7556}") = "ITSM", "ITSM\ITSM.csproj", "{ABA372BD-3768-49CD-B7AE-79BC0330E2DB}"
EndProject
Project("{FAE04EC0-301F-11D3-BF4B-00C04F79EFBC}") = "ITSM.Tests", "ITSM.Tests\ITSM.Tests.csproj", "{5D344B7F-D28B-4123-8F5D-200C10A6386D}"
EndProject
Global
	GlobalSection(SolutionConfigurationPlatforms) = preSolution
		Debug|Any CPU = Debug|Any CPU
		Release|Any CPU = Release|Any CPU
	EndGlobalSection
	GlobalSection(ProjectConfigurationPlatforms) = postSolution
		{ABA372BD-3768-49CD-B7AE-79BC0330E2DB}.Debug|Any CPU.ActiveCfg = Debug|Any CPU
		{ABA372BD-3768-49CD-B7AE-79BC0330E2DB}.Debug|Any CPU.Build.0 = Debug|Any CPU
		{ABA372BD-3768-49CD-B7AE-79BC0330E2DB}.Release|Any CPU.ActiveCfg = Release|Any CPU
		{ABA372BD-3768-49CD-B7AE-79BC0330E2DB}.Release|Any CPU.Build.0 = Release|Any CPU
		{5D344B7F-D28B-4123-8F5D-200C10A6386D}.Debug|Any CPU.ActiveCfg = Debug|Any CPU
		{5D344B7F-D28B-4123-8F5D-200C10A6386D}.Debug|Any CPU.Build.0 = Debug|Any CPU
		{5D344B7F-D28B-4123-8F5D-200C10A6386D}.Release|Any CPU.ActiveCfg = Release|Any CPU
		{5D344B7F-D28B-4123-8F5D-200C10A6386D}.Release|Any CPU.Build.0 = Release|Any CPU
	EndGlobalSection
	GlobalSection(SolutionProperties) = preSolution
		HideSolutionNode = FALSE
	EndGlobalSection
	GlobalSection(ExtensibilityGlobals) = postSolution
		SolutionGuid = {EABAAEA8-9C6B-45AA-8B1F-78DC7492616F}
	EndGlobalSection
EndGlobal
